
Microsoft Visual Studio Solution File, Format Version 12.00
# Visual Studio Version 17
VisualStudioVersion = 17.5.33516.290
MinimumVisualStudioVersion = 10.0.40219.1
Project("{FAE04EC0-301F-11D3-BF4B-00C04F79EFBC}") = "prac2", "prac2\prac2.csproj", "{8173F8FE-5333-4C9F-BE29-99BE85E18B53}"
EndProject
Global
	GlobalSection(SolutionConfigurationPlatforms) = preSolution
		Debug|Any CPU = Debug|Any CPU
		Release|Any CPU = Release|Any CPU
	EndGlobalSection
	GlobalSection(ProjectConfigurationPlatforms) = postSolution
		{8173F8FE-5333-4C9F-BE29-99BE85E18B53}.Debug|Any CPU.ActiveCfg = Debug|Any CPU
		{8173F8FE-5333-4C9F-BE29-99BE85E18B53}.Debug|Any CPU.Build.0 = Debug|Any CPU
		{8173F8FE-5333-4C9F-BE29-99BE85E18B53}.Release|Any CPU.ActiveCfg = Release|Any CPU
		{8173F8FE-5333-4C9F-BE29-99BE85E18B53}.Release|Any CPU.Build.0 = Release|Any CPU
	EndGlobalSection
	GlobalSection(SolutionProperties) = preSolution
		HideSolutionNode = FALSE
	EndGlobalSection
	GlobalSection(ExtensibilityGlobals) = postSolution
		SolutionGuid = {9F5243EC-B069-4C8C-99C4-A280AAB0560A}
	EndGlobalSection
EndGlobal
