
Microsoft Visual Studio Solution File, Format Version 12.00
# Visual Studio Version 17
VisualStudioVersion = 17.5.33516.290
MinimumVisualStudioVersion = 10.0.40219.1
Project("{FAE04EC0-301F-11D3-BF4B-00C04F79EFBC}") = "NguyenDucCuong_GKLan2", "NguyenDucCuong_GKLan2\NguyenDucCuong_GKLan2.csproj", "{D3C077C4-8301-404C-8357-6130AEA85819}"
EndProject
Global
	GlobalSection(SolutionConfigurationPlatforms) = preSolution
		Debug|Any CPU = Debug|Any CPU
		Release|Any CPU = Release|Any CPU
	EndGlobalSection
	GlobalSection(ProjectConfigurationPlatforms) = postSolution
		{D3C077C4-8301-404C-8357-6130AEA85819}.Debug|Any CPU.ActiveCfg = Debug|Any CPU
		{D3C077C4-8301-404C-8357-6130AEA85819}.Debug|Any CPU.Build.0 = Debug|Any CPU
		{D3C077C4-8301-404C-8357-6130AEA85819}.Release|Any CPU.ActiveCfg = Release|Any CPU
		{D3C077C4-8301-404C-8357-6130AEA85819}.Release|Any CPU.Build.0 = Release|Any CPU
	EndGlobalSection
	GlobalSection(SolutionProperties) = preSolution
		HideSolutionNode = FALSE
	EndGlobalSection
	GlobalSection(ExtensibilityGlobals) = postSolution
		SolutionGuid = {19CDA4B3-BA59-4E33-88FE-92DE9B894EF5}
	EndGlobalSection
EndGlobal
