
Microsoft Visual Studio Solution File, Format Version 12.00
# Visual Studio Version 17
VisualStudioVersion = 17.5.33516.290
MinimumVisualStudioVersion = 10.0.40219.1
Project("{FAE04EC0-301F-11D3-BF4B-00C04F79EFBC}") = "Contoso University", "Contoso University\Contoso University.csproj", "{0D9C4822-5927-43B8-8AA7-86AABCC38775}"
EndProject
Global
	GlobalSection(SolutionConfigurationPlatforms) = preSolution
		Debug|Any CPU = Debug|Any CPU
		Release|Any CPU = Release|Any CPU
	EndGlobalSection
	GlobalSection(ProjectConfigurationPlatforms) = postSolution
		{0D9C4822-5927-43B8-8AA7-86AABCC38775}.Debug|Any CPU.ActiveCfg = Debug|Any CPU
		{0D9C4822-5927-43B8-8AA7-86AABCC38775}.Debug|Any CPU.Build.0 = Debug|Any CPU
		{0D9C4822-5927-43B8-8AA7-86AABCC38775}.Release|Any CPU.ActiveCfg = Release|Any CPU
		{0D9C4822-5927-43B8-8AA7-86AABCC38775}.Release|Any CPU.Build.0 = Release|Any CPU
	EndGlobalSection
	GlobalSection(SolutionProperties) = preSolution
		HideSolutionNode = FALSE
	EndGlobalSection
	GlobalSection(ExtensibilityGlobals) = postSolution
		SolutionGuid = {BB242459-D591-4C16-BE83-B7B6C1FDA6E8}
	EndGlobalSection
EndGlobal
