
Microsoft Visual Studio Solution File, Format Version 12.00
# Visual Studio Version 17
VisualStudioVersion = 17.5.33516.290
MinimumVisualStudioVersion = 10.0.40219.1
Project("{FAE04EC0-301F-11D3-BF4B-00C04F79EFBC}") = "ContosoUniversity110", "ContosoUniversity110\ContosoUniversity110.csproj", "{24738A26-F30A-4B57-A559-5CA1F7AC9288}"
EndProject
Global
	GlobalSection(SolutionConfigurationPlatforms) = preSolution
		Debug|Any CPU = Debug|Any CPU
		Release|Any CPU = Release|Any CPU
	EndGlobalSection
	GlobalSection(ProjectConfigurationPlatforms) = postSolution
		{24738A26-F30A-4B57-A559-5CA1F7AC9288}.Debug|Any CPU.ActiveCfg = Debug|Any CPU
		{24738A26-F30A-4B57-A559-5CA1F7AC9288}.Debug|Any CPU.Build.0 = Debug|Any CPU
		{24738A26-F30A-4B57-A559-5CA1F7AC9288}.Release|Any CPU.ActiveCfg = Release|Any CPU
		{24738A26-F30A-4B57-A559-5CA1F7AC9288}.Release|Any CPU.Build.0 = Release|Any CPU
	EndGlobalSection
	GlobalSection(SolutionProperties) = preSolution
		HideSolutionNode = FALSE
	EndGlobalSection
	GlobalSection(ExtensibilityGlobals) = postSolution
		SolutionGuid = {1D06C040-04BC-49D4-A3BF-730C066B041B}
	EndGlobalSection
EndGlobal
