
Microsoft Visual Studio Solution File, Format Version 12.00
# Visual Studio Version 17
VisualStudioVersion = 17.5.33516.290
MinimumVisualStudioVersion = 10.0.40219.1
Project("{FAE04EC0-301F-11D3-BF4B-00C04F79EFBC}") = "prac", "prac\prac.csproj", "{73A393EF-49D2-48A1-B8B5-11D04A679795}"
EndProject
Global
	GlobalSection(SolutionConfigurationPlatforms) = preSolution
		Debug|Any CPU = Debug|Any CPU
		Release|Any CPU = Release|Any CPU
	EndGlobalSection
	GlobalSection(ProjectConfigurationPlatforms) = postSolution
		{73A393EF-49D2-48A1-B8B5-11D04A679795}.Debug|Any CPU.ActiveCfg = Debug|Any CPU
		{73A393EF-49D2-48A1-B8B5-11D04A679795}.Debug|Any CPU.Build.0 = Debug|Any CPU
		{73A393EF-49D2-48A1-B8B5-11D04A679795}.Release|Any CPU.ActiveCfg = Release|Any CPU
		{73A393EF-49D2-48A1-B8B5-11D04A679795}.Release|Any CPU.Build.0 = Release|Any CPU
	EndGlobalSection
	GlobalSection(SolutionProperties) = preSolution
		HideSolutionNode = FALSE
	EndGlobalSection
	GlobalSection(ExtensibilityGlobals) = postSolution
		SolutionGuid = {01237060-3142-42EE-AEDE-8E58DAC69FC5}
	EndGlobalSection
EndGlobal
